
Microsoft Visual Studio Solution File, Format Version 12.00
# Visual Studio Version 16
VisualStudioVersion = 16.0.33529.622
MinimumVisualStudioVersion = 10.0.40219.1
Project("{9A19103F-16F7-4668-BE54-9A1E7A4F7556}") = "Odevler", "Odevler\Odevler.csproj", "{68EFF380-24B6-4E12-BFF4-311B0BAA963B}"
EndProject
Project("{9A19103F-16F7-4668-BE54-9A1E7A4F7556}") = "Classes", "Classes\Classes.csproj", "{89179583-B3F5-4055-BBCF-6C8D3AE579F2}"
EndProject
Project("{FAE04EC0-301F-11D3-BF4B-00C04F79EFBC}") = "ReCapDemo1", "ReCapDemo1\ReCapDemo1.csproj", "{BC1BF012-5CE3-4069-A419-211EC777155D}"
EndProject
Project("{9A19103F-16F7-4668-BE54-9A1E7A4F7556}") = "Interface", "Interface\Interface.csproj", "{C7EE84C3-0D9D-43BD-9619-B9BAD2C456BE}"
EndProject
Project("{9A19103F-16F7-4668-BE54-9A1E7A4F7556}") = "InterfacesDemo", "InterfacesDemo\InterfacesDemo.csproj", "{42AD998A-4664-4EC0-BE8C-AA28D7763E4C}"
EndProject
Project("{9A19103F-16F7-4668-BE54-9A1E7A4F7556}") = "Inheritance", "Inheritance\Inheritance.csproj", "{4F2FF6DB-97AA-4A2B-9C40-51DC4E6C666C}"
EndProject
Project("{9A19103F-16F7-4668-BE54-9A1E7A4F7556}") = "Interfaces", "Interfaces\Interfaces.csproj", "{74B71AB2-F466-4460-B825-9E48A4AD7965}"
EndProject
Project("{9A19103F-16F7-4668-BE54-9A1E7A4F7556}") = "Interfaces2", "Interfaces2\Interfaces2.csproj", "{449E4913-6160-4C1F-BCDB-74DD48404424}"
EndProject
Project("{9A19103F-16F7-4668-BE54-9A1E7A4F7556}") = "InterfaceAbstractDemo", "InterfaceAbstractDemo\InterfaceAbstractDemo.csproj", "{E05758E1-572E-4B80-87E8-2A05D4ACEF6B}"
EndProject
Project("{9A19103F-16F7-4668-BE54-9A1E7A4F7556}") = "LinqProject", "LinqProject\LinqProject.csproj", "{923303D2-7339-46E8-9B70-877C19312255}"
EndProject
Project("{9A19103F-16F7-4668-BE54-9A1E7A4F7556}") = "Attributes", "Attributes\Attributes.csproj", "{ADB8EDF5-9AF6-4E1B-9F80-B923CC88AEC3}"
EndProject
Project("{FAE04EC0-301F-11D3-BF4B-00C04F79EFBC}") = "Reflection", "Reflection\Reflection.csproj", "{C540F564-43BE-4316-B7DA-F7A6361185C3}"
EndProject
Project("{FAE04EC0-301F-11D3-BF4B-00C04F79EFBC}") = "Delegates", "Delegates\Delegates.csproj", "{BCB42AF3-70D5-403F-B75A-597D63DB1D6E}"
EndProject
Project("{FAE04EC0-301F-11D3-BF4B-00C04F79EFBC}") = "Func", "Func\Func.csproj", "{CEF0D9D8-EEB3-4A77-A108-E8A95E14562C}"
EndProject
Project("{FAE04EC0-301F-11D3-BF4B-00C04F79EFBC}") = "Events", "Events\Events.csproj", "{F2D5736F-D783-4B53-8B37-5402141BDA08}"
EndProject
Global
	GlobalSection(SolutionConfigurationPlatforms) = preSolution
		Debug|Any CPU = Debug|Any CPU
		Release|Any CPU = Release|Any CPU
	EndGlobalSection
	GlobalSection(ProjectConfigurationPlatforms) = postSolution
		{68EFF380-24B6-4E12-BFF4-311B0BAA963B}.Debug|Any CPU.ActiveCfg = Debug|Any CPU
		{68EFF380-24B6-4E12-BFF4-311B0BAA963B}.Debug|Any CPU.Build.0 = Debug|Any CPU
		{68EFF380-24B6-4E12-BFF4-311B0BAA963B}.Release|Any CPU.ActiveCfg = Release|Any CPU
		{68EFF380-24B6-4E12-BFF4-311B0BAA963B}.Release|Any CPU.Build.0 = Release|Any CPU
		{89179583-B3F5-4055-BBCF-6C8D3AE579F2}.Debug|Any CPU.ActiveCfg = Debug|Any CPU
		{89179583-B3F5-4055-BBCF-6C8D3AE579F2}.Debug|Any CPU.Build.0 = Debug|Any CPU
		{89179583-B3F5-4055-BBCF-6C8D3AE579F2}.Release|Any CPU.ActiveCfg = Release|Any CPU
		{89179583-B3F5-4055-BBCF-6C8D3AE579F2}.Release|Any CPU.Build.0 = Release|Any CPU
		{BC1BF012-5CE3-4069-A419-211EC777155D}.Debug|Any CPU.ActiveCfg = Debug|Any CPU
		{BC1BF012-5CE3-4069-A419-211EC777155D}.Debug|Any CPU.Build.0 = Debug|Any CPU
		{BC1BF012-5CE3-4069-A419-211EC777155D}.Release|Any CPU.ActiveCfg = Release|Any CPU
		{BC1BF012-5CE3-4069-A419-211EC777155D}.Release|Any CPU.Build.0 = Release|Any CPU
		{C7EE84C3-0D9D-43BD-9619-B9BAD2C456BE}.Debug|Any CPU.ActiveCfg = Debug|Any CPU
		{C7EE84C3-0D9D-43BD-9619-B9BAD2C456BE}.Debug|Any CPU.Build.0 = Debug|Any CPU
		{C7EE84C3-0D9D-43BD-9619-B9BAD2C456BE}.Release|Any CPU.ActiveCfg = Release|Any CPU
		{C7EE84C3-0D9D-43BD-9619-B9BAD2C456BE}.Release|Any CPU.Build.0 = Release|Any CPU
		{42AD998A-4664-4EC0-BE8C-AA28D7763E4C}.Debug|Any CPU.ActiveCfg = Debug|Any CPU
		{42AD998A-4664-4EC0-BE8C-AA28D7763E4C}.Debug|Any CPU.Build.0 = Debug|Any CPU
		{42AD998A-4664-4EC0-BE8C-AA28D7763E4C}.Release|Any CPU.ActiveCfg = Release|Any CPU
		{42AD998A-4664-4EC0-BE8C-AA28D7763E4C}.Release|Any CPU.Build.0 = Release|Any CPU
		{4F2FF6DB-97AA-4A2B-9C40-51DC4E6C666C}.Debug|Any CPU.ActiveCfg = Debug|Any CPU
		{4F2FF6DB-97AA-4A2B-9C40-51DC4E6C666C}.Debug|Any CPU.Build.0 = Debug|Any CPU
		{4F2FF6DB-97AA-4A2B-9C40-51DC4E6C666C}.Release|Any CPU.ActiveCfg = Release|Any CPU
		{4F2FF6DB-97AA-4A2B-9C40-51DC4E6C666C}.Release|Any CPU.Build.0 = Release|Any CPU
		{74B71AB2-F466-4460-B825-9E48A4AD7965}.Debug|Any CPU.ActiveCfg = Debug|Any CPU
		{74B71AB2-F466-4460-B825-9E48A4AD7965}.Debug|Any CPU.Build.0 = Debug|Any CPU
		{74B71AB2-F466-4460-B825-9E48A4AD7965}.Release|Any CPU.ActiveCfg = Release|Any CPU
		{74B71AB2-F466-4460-B825-9E48A4AD7965}.Release|Any CPU.Build.0 = Release|Any CPU
		{449E4913-6160-4C1F-BCDB-74DD48404424}.Debug|Any CPU.ActiveCfg = Debug|Any CPU
		{449E4913-6160-4C1F-BCDB-74DD48404424}.Debug|Any CPU.Build.0 = Debug|Any CPU
		{449E4913-6160-4C1F-BCDB-74DD48404424}.Release|Any CPU.ActiveCfg = Release|Any CPU
		{449E4913-6160-4C1F-BCDB-74DD48404424}.Release|Any CPU.Build.0 = Release|Any CPU
		{E05758E1-572E-4B80-87E8-2A05D4ACEF6B}.Debug|Any CPU.ActiveCfg = Debug|Any CPU
		{E05758E1-572E-4B80-87E8-2A05D4ACEF6B}.Debug|Any CPU.Build.0 = Debug|Any CPU
		{E05758E1-572E-4B80-87E8-2A05D4ACEF6B}.Release|Any CPU.ActiveCfg = Release|Any CPU
		{E05758E1-572E-4B80-87E8-2A05D4ACEF6B}.Release|Any CPU.Build.0 = Release|Any CPU
		{923303D2-7339-46E8-9B70-877C19312255}.Debug|Any CPU.ActiveCfg = Debug|Any CPU
		{923303D2-7339-46E8-9B70-877C19312255}.Debug|Any CPU.Build.0 = Debug|Any CPU
		{923303D2-7339-46E8-9B70-877C19312255}.Release|Any CPU.ActiveCfg = Release|Any CPU
		{923303D2-7339-46E8-9B70-877C19312255}.Release|Any CPU.Build.0 = Release|Any CPU
		{ADB8EDF5-9AF6-4E1B-9F80-B923CC88AEC3}.Debug|Any CPU.ActiveCfg = Debug|Any CPU
		{ADB8EDF5-9AF6-4E1B-9F80-B923CC88AEC3}.Debug|Any CPU.Build.0 = Debug|Any CPU
		{ADB8EDF5-9AF6-4E1B-9F80-B923CC88AEC3}.Release|Any CPU.ActiveCfg = Release|Any CPU
		{ADB8EDF5-9AF6-4E1B-9F80-B923CC88AEC3}.Release|Any CPU.Build.0 = Release|Any CPU
		{C540F564-43BE-4316-B7DA-F7A6361185C3}.Debug|Any CPU.ActiveCfg = Debug|Any CPU
		{C540F564-43BE-4316-B7DA-F7A6361185C3}.Debug|Any CPU.Build.0 = Debug|Any CPU
		{C540F564-43BE-4316-B7DA-F7A6361185C3}.Release|Any CPU.ActiveCfg = Release|Any CPU
		{C540F564-43BE-4316-B7DA-F7A6361185C3}.Release|Any CPU.Build.0 = Release|Any CPU
		{BCB42AF3-70D5-403F-B75A-597D63DB1D6E}.Debug|Any CPU.ActiveCfg = Debug|Any CPU
		{BCB42AF3-70D5-403F-B75A-597D63DB1D6E}.Debug|Any CPU.Build.0 = Debug|Any CPU
		{BCB42AF3-70D5-403F-B75A-597D63DB1D6E}.Release|Any CPU.ActiveCfg = Release|Any CPU
		{BCB42AF3-70D5-403F-B75A-597D63DB1D6E}.Release|Any CPU.Build.0 = Release|Any CPU
		{CEF0D9D8-EEB3-4A77-A108-E8A95E14562C}.Debug|Any CPU.ActiveCfg = Debug|Any CPU
		{CEF0D9D8-EEB3-4A77-A108-E8A95E14562C}.Debug|Any CPU.Build.0 = Debug|Any CPU
		{CEF0D9D8-EEB3-4A77-A108-E8A95E14562C}.Release|Any CPU.ActiveCfg = Release|Any CPU
		{CEF0D9D8-EEB3-4A77-A108-E8A95E14562C}.Release|Any CPU.Build.0 = Release|Any CPU
		{F2D5736F-D783-4B53-8B37-5402141BDA08}.Debug|Any CPU.ActiveCfg = Debug|Any CPU
		{F2D5736F-D783-4B53-8B37-5402141BDA08}.Debug|Any CPU.Build.0 = Debug|Any CPU
		{F2D5736F-D783-4B53-8B37-5402141BDA08}.Release|Any CPU.ActiveCfg = Release|Any CPU
		{F2D5736F-D783-4B53-8B37-5402141BDA08}.Release|Any CPU.Build.0 = Release|Any CPU
	EndGlobalSection
	GlobalSection(SolutionProperties) = preSolution
		HideSolutionNode = FALSE
	EndGlobalSection
	GlobalSection(ExtensibilityGlobals) = postSolution
		SolutionGuid = {BE7F4CD2-E8A2-4518-AFA0-CB322ECC679E}
	EndGlobalSection
EndGlobal
